// !$*UTF8*$!
{
	archiveVersion = 1;
	classes = {
	};
	objectVersion = 50;
	objects = {

/* Begin PBXBuildFile section */
		A21950E52286FDFB0092DF3C /* AppDelegate.m in Sources */ = {isa = PBXBuildFile; fileRef = A21950E42286FDFB0092DF3C /* AppDelegate.m */; };
		A21950E82286FDFB0092DF3C /* ViewController.m in Sources */ = {isa = PBXBuildFile; fileRef = A21950E72286FDFB0092DF3C /* ViewController.m */; };
		A21950EB2286FDFB0092DF3C /* Main.storyboard in Resources */ = {isa = PBXBuildFile; fileRef = A21950E92286FDFB0092DF3C /* Main.storyboard */; };
		A21950ED2286FDFC0092DF3C /* Assets.xcassets in Resources */ = {isa = PBXBuildFile; fileRef = A21950EC2286FDFC0092DF3C /* Assets.xcassets */; };
		A21950F02286FDFC0092DF3C /* LaunchScreen.storyboard in Resources */ = {isa = PBXBuildFile; fileRef = A21950EE2286FDFC0092DF3C /* LaunchScreen.storyboard */; };
		A21950F32286FDFC0092DF3C /* main.m in Sources */ = {isa = PBXBuildFile; fileRef = A21950F22286FDFC0092DF3C /* main.m */; };
		A21950FB228702130092DF3C /* Cat.m in Sources */ = {isa = PBXBuildFile; fileRef = A21950FA228702130092DF3C /* Cat.m */; };
/* End PBXBuildFile section */

/* Begin PBXFileReference section */
		A21950E02286FDFB0092DF3C /* weibo6.app */ = {isa = PBXFileReference; explicitFileType = wrapper.application; includeInIndex = 0; path = weibo6.app; sourceTree = BUILT_PRODUCTS_DIR; };
		A21950E32286FDFB0092DF3C /* AppDelegate.h */ = {isa = PBXFileReference; lastKnownFileType = sourcecode.c.h; path = AppDelegate.h; sourceTree = "<group>"; };
		A21950E42286FDFB0092DF3C /* AppDelegate.m */ = {isa = PBXFileReference; lastKnownFileType = sourcecode.c.objc; path = AppDelegate.m; sourceTree = "<group>"; };
		A21950E62286FDFB0092DF3C /* ViewController.h */ = {isa = PBXFileReference; lastKnownFileType = sourcecode.c.h; path = ViewController.h; sourceTree = "<group>"; };
		A21950E72286FDFB0092DF3C /* ViewController.m */ = {isa = PBXFileReference; lastKnownFileType = sourcecode.c.objc; path = ViewController.m; sourceTree = "<group>"; };
		A21950EA2286FDFB0092DF3C /* Base */ = {isa = PBXFileReference; lastKnownFileType = file.storyboard; name = Base; path = Base.lproj/Main.storyboard; sourceTree = "<group>"; };
		A21950EC2286FDFC0092DF3C /* Assets.xcassets */ = {isa = PBXFileReference; lastKnownFileType = folder.assetcatalog; path = Assets.xcassets; sourceTree = "<group>"; };
		A21950EF2286FDFC0092DF3C /* Base */ = {isa = PBXFileReference; lastKnownFileType = file.storyboard; name = Base; path = Base.lproj/LaunchScreen.storyboard; sourceTree = "<group>"; };
		A21950F12286FDFC0092DF3C /* Info.plist */ = {isa = PBXFileReference; lastKnownFileType = text.plist.xml; path = Info.plist; sourceTree = "<group>"; };
		A21950F22286FDFC0092DF3C /* main.m */ = {isa = PBXFileReference; lastKnownFileType = sourcecode.c.objc; path = main.m; sourceTree = "<group>"; };
		A21950F9228702130092DF3C /* Cat.h */ = {isa = PBXFileReference; lastKnownFileType = sourcecode.c.h; path = Cat.h; sourceTree = "<group>"; };
		A21950FA228702130092DF3C /* Cat.m */ = {isa = PBXFileReference; lastKnownFileType = sourcecode.c.objc; path = Cat.m; sourceTree = "<group>"; };
/* End PBXFileReference section */

/* Begin PBXFrameworksBuildPhase section */
		A21950DD2286FDFB0092DF3C /* Frameworks */ = {
			isa = PBXFrameworksBuildPhase;
			buildActionMask = 2147483647;
			files = (
			);
			runOnlyForDeploymentPostprocessing = 0;
		};
/* End PBXFrameworksBuildPhase section */

/* Begin PBXGroup section */
		A21950D72286FDFB0092DF3C = {
			isa = PBXGroup;
			children = (
				A21950E22286FDFB0092DF3C /* weibo6 */,
				A21950E12286FDFB0092DF3C /* Products */,
			);
			sourceTree = "<group>";
		};
		A21950E12286FDFB0092DF3C /* Products */ = {
			isa = PBXGroup;
			children = (
				A21950E02286FDFB0092DF3C /* weibo6.app */,
			);
			name = Products;
			sourceTree = "<group>";
		};
		A21950E22286FDFB0092DF3C /* weibo6 */ = {
			isa = PBXGroup;
			children = (
				A21950E32286FDFB0092DF3C /* AppDelegate.h */,
				A21950E42286FDFB0092DF3C /* AppDelegate.m */,
				A21950E62286FDFB0092DF3C /* ViewController.h */,
				A21950E72286FDFB0092DF3C /* ViewController.m */,
				A21950E92286FDFB0092DF3C /* Main.storyboard */,
				A21950EC2286FDFC0092DF3C /* Assets.xcassets */,
				A21950EE2286FDFC0092DF3C /* LaunchScreen.storyboard */,
				A21950F12286FDFC0092DF3C /* Info.plist */,
				A21950F22286FDFC0092DF3C /* main.m */,
				A21950F9228702130092DF3C /* Cat.h */,
				A21950FA228702130092DF3C /* Cat.m */,
			);
			path = weibo6;
			sourceTree = "<group>";
		};
/* End PBXGroup section */

/* Begin PBXNativeTarget section */
		A21950DF2286FDFB0092DF3C /* weibo6 */ = {
			isa = PBXNativeTarget;
			buildConfigurationList = A21950F62286FDFC0092DF3C /* Build configuration list for PBXNativeTarget "weibo6" */;
			buildPhases = (
				A21950DC2286FDFB0092DF3C /* Sources */,
				A21950DD2286FDFB0092DF3C /* Frameworks */,
				A21950DE2286FDFB0092DF3C /* Resources */,
			);
			buildRules = (
			);
			dependencies = (
			);
			name = weibo6;
			productName = weibo6;
			productReference = A21950E02286FDFB0092DF3C /* weibo6.app */;
			productType = "com.apple.product-type.application";
		};
/* End PBXNativeTarget section */

/* Begin PBXProject section */
		A21950D82286FDFB0092DF3C /* Project object */ = {
			isa = PBXProject;
			attributes = {
				LastUpgradeCheck = 1020;
				ORGANIZATIONNAME = JLK;
				TargetAttributes = {
					A21950DF2286FDFB0092DF3C = {
						CreatedOnToolsVersion = 10.2.1;
					};
				};
			};
			buildConfigurationList = A21950DB2286FDFB0092DF3C /* Build configuration list for PBXProject "weibo6" */;
			compatibilityVersion = "Xcode 9.3";
			developmentRegion = en;
			hasScannedForEncodings = 0;
			knownRegions = (
				en,
				Base,
			);
			mainGroup = A21950D72286FDFB0092DF3C;
			productRefGroup = A21950E12286FDFB0092DF3C /* Products */;
			projectDirPath = "";
			projectRoot = "";
			targets = (
				A21950DF2286FDFB0092DF3C /* weibo6 */,
			);
		};
/* End PBXProject section */

/* Begin PBXResourcesBuildPhase section */
		A21950DE2286FDFB0092DF3C /* Resources */ = {
			isa = PBXResourcesBuildPhase;
			buildActionMask = 2147483647;
			files = (
				A21950F02286FDFC0092DF3C /* LaunchScreen.storyboard in Resources */,
				A21950ED2286FDFC0092DF3C /* Assets.xcassets in Resources */,
				A21950EB2286FDFB0092DF3C /* Main.storyboard in Resources */,
			);
			runOnlyForDeploymentPostprocessing = 0;
		};
/* End PBXResourcesBuildPhase section */

/* Begin PBXSourcesBuildPhase section */
		A21950DC2286FDFB0092DF3C /* Sources */ = {
			isa = PBXSourcesBuildPhase;
			buildActionMask = 2147483647;
			files = (
				A21950FB228702130092DF3C /* Cat.m in Sources */,
				A21950E82286FDFB0092DF3C /* ViewController.m in Sources */,
				A21950F32286FDFC0092DF3C /* main.m in Sources */,
				A21950E52286FDFB0092DF3C /* AppDelegate.m in Sources */,
			);
			runOnlyForDeploymentPostprocessing = 0;
		};
/* End PBXSourcesBuildPhase section */

/* Begin PBXVariantGroup section */
		A21950E92286FDFB0092DF3C /* Main.storyboard */ = {
			isa = PBXVariantGroup;
			children = (
				A21950EA2286FDFB0092DF3C /* Base */,
			);
			name = Main.storyboard;
			sourceTree = "<group>";
		};
		A21950EE2286FDFC0092DF3C /* LaunchScreen.storyboard */ = {
			isa = PBXVariantGroup;
			children = (
				A21950EF2286FDFC0092DF3C /* Base */,
			);
			name = LaunchScreen.storyboard;
			sourceTree = "<group>";
		};
/* End PBXVariantGroup section */

/* Begin XCBuildConfiguration section */
		A21950F42286FDFC0092DF3C /* Debug */ = {
			isa = XCBuildConfiguration;
			buildSettings = {
				ALWAYS_SEARCH_USER_PATHS = NO;
				CLANG_ANALYZER_NONNULL = YES;
				CLANG_ANALYZER_NUMBER_OBJECT_CONVERSION = YES_AGGRESSIVE;
				CLANG_CXX_LANGUAGE_STANDARD = "gnu++14";
				CLANG_CXX_LIBRARY = "libc++";
				CLANG_ENABLE_MODULES = YES;
				CLANG_ENABLE_OBJC_ARC = YES;
				CLANG_ENABLE_OBJC_WEAK = YES;
				CLANG_WARN_BLOCK_CAPTURE_AUTORELEASING = YES;
				CLANG_WARN_BOOL_CONVERSION = YES;
				CLANG_WARN_COMMA = YES;
				CLANG_WARN_CONSTANT_CONVERSION = YES;
				CLANG_WARN_DEPRECATED_OBJC_IMPLEMENTATIONS = YES;
				CLANG_WARN_DIRECT_OBJC_ISA_USAGE = YES_ERROR;
				CLANG_WARN_DOCUMENTATION_COMMENTS = YES;
				CLANG_WARN_EMPTY_BODY = YES;
				CLANG_WARN_ENUM_CONVERSION = YES;
				CLANG_WARN_INFINITE_RECURSION = YES;
				CLANG_WARN_INT_CONVERSION = YES;
				CLANG_WARN_NON_LITERAL_NULL_CONVERSION = YES;
				CLANG_WARN_OBJC_IMPLICIT_RETAIN_SELF = YES;
				CLANG_WARN_OBJC_LITERAL_CONVERSION = YES;
				CLANG_WARN_OBJC_ROOT_CLASS = YES_ERROR;
				CLANG_WARN_RANGE_LOOP_ANALYSIS = YES;
				CLANG_WARN_STRICT_PROTOTYPES = YES;
				CLANG_WARN_SUSPICIOUS_MOVE = YES;
				CLANG_WARN_UNGUARDED_AVAILABILITY = YES_AGGRESSIVE;
				CLANG_WARN_UNREACHABLE_CODE = YES;
				CLANG_WARN__DUPLICATE_METHOD_MATCH = YES;
				CODE_SIGN_IDENTITY = "iPhone Developer";
				COPY_PHASE_STRIP = NO;
				DEBUG_INFORMATION_FORMAT = dwarf;
				ENABLE_STRICT_OBJC_MSGSEND = YES;
				ENABLE_TESTABILITY = YES;
				GCC_C_LANGUAGE_STANDARD = gnu11;
				GCC_DYNAMIC_NO_PIC = NO;
				GCC_NO_COMMON_BLOCKS = YES;
				GCC_OPTIMIZATION_LEVEL = 0;
				GCC_PREPROCESSOR_DEFINITIONS = (
					"DEBUG=1",
					"$(inherited)",
				);
				GCC_WARN_64_TO_32_BIT_CONVERSION = YES;
				GCC_WARN_ABOUT_RETURN_TYPE = YES_ERROR;
				GCC_WARN_UNDECLARED_SELECTOR = YES;
				GCC_WARN_UNINITIALIZED_AUTOS = YES_AGGRESSIVE;
				GCC_WARN_UNUSED_FUNCTION = YES;
				GCC_WARN_UNUSED_VARIABLE = YES;
				IPHONEOS_DEPLOYMENT_TARGET = 12.2;
				MTL_ENABLE_DEBUG_INFO = INCLUDE_SOURCE;
				MTL_FAST_MATH = YES;
				ONLY_ACTIVE_ARCH = YES;
				SDKROOT = iphoneos;
			};
			name = Debug;
		};
		A21950F52286FDFC0092DF3C /* Release */ = {
			isa = XCBuildConfiguration;
			buildSettings = {
				ALWAYS_SEARCH_USER_PATHS = NO;
				CLANG_ANALYZER_NONNULL = YES;
				CLANG_ANALYZER_NUMBER_OBJECT_CONVERSION = YES_AGGRESSIVE;
				CLANG_CXX_LANGUAGE_STANDARD = "gnu++14";
				CLANG_CXX_LIBRARY = "libc++";
				CLANG_ENABLE_MODULES = YES;
				CLANG_ENABLE_OBJC_ARC = YES;
				CLANG_ENABLE_OBJC_WEAK = YES;
				CLANG_WARN_BLOCK_CAPTURE_AUTORELEASING = YES;
				CLANG_WARN_BOOL_CONVERSION = YES;
				CLANG_WARN_COMMA = YES;
				CLANG_WARN_CONSTANT_CONVERSION = YES;
				CLANG_WARN_DEPRECATED_OBJC_IMPLEMENTATIONS = YES;
				CLANG_WARN_DIRECT_OBJC_ISA_USAGE = YES_ERROR;
				CLANG_WARN_DOCUMENTATION_COMMENTS = YES;
				CLANG_WARN_EMPTY_BODY = YES;
				CLANG_WARN_ENUM_CONVERSION = YES;
				CLANG_WARN_INFINITE_RECURSION = YES;
				CLANG_WARN_INT_CONVERSION = YES;
				CLANG_WARN_NON_LITERAL_NULL_CONVERSION = YES;
				CLANG_WARN_OBJC_IMPLICIT_RETAIN_SELF = YES;
				CLANG_WARN_OBJC_LITERAL_CONVERSION = YES;
				CLANG_WARN_OBJC_ROOT_CLASS = YES_ERROR;
				CLANG_WARN_RANGE_LOOP_ANALYSIS = YES;
				CLANG_WARN_STRICT_PROTOTYPES = YES;
				CLANG_WARN_SUSPICIOUS_MOVE = YES;
				CLANG_WARN_UNGUARDED_AVAILABILITY = YES_AGGRESSIVE;
				CLANG_WARN_UNREACHABLE_CODE = YES;
				CLANG_WARN__DUPLICATE_METHOD_MATCH = YES;
				CODE_SIGN_IDENTITY = "iPhone Developer";
				COPY_PHASE_STRIP = NO;
				DEBUG_INFORMATION_FORMAT = "dwarf-with-dsym";
				ENABLE_NS_ASSERTIONS = NO;
				ENABLE_STRICT_OBJC_MSGSEND = YES;
				GCC_C_LANGUAGE_STANDARD = gnu11;
				GCC_NO_COMMON_BLOCKS = YES;
				GCC_WARN_64_TO_32_BIT_CONVERSION = YES;
				GCC_WARN_ABOUT_RETURN_TYPE = YES_ERROR;
				GCC_WARN_UNDECLARED_SELECTOR = YES;
				GCC_WARN_UNINITIALIZED_AUTOS = YES_AGGRESSIVE;
				GCC_WARN_UNUSED_FUNCTION = YES;
				GCC_WARN_UNUSED_VARIABLE = YES;
				IPHONEOS_DEPLOYMENT_TARGET = 12.2;
				MTL_ENABLE_DEBUG_INFO = NO;
				MTL_FAST_MATH = YES;
				SDKROOT = iphoneos;
				VALIDATE_PRODUCT = YES;
			};
			name = Release;
		};
		A21950F72286FDFC0092DF3C /* Debug */ = {
			isa = XCBuildConfiguration;
			buildSettings = {
				ASSETCATALOG_COMPILER_APPICON_NAME = AppIcon;
				CODE_SIGN_STYLE = Automatic;
				DEVELOPMENT_TEAM = L42KY7DRTY;
				INFOPLIST_FILE = weibo6/Info.plist;
				LD_RUNPATH_SEARCH_PATHS = (
					"$(inherited)",
					"@executable_path/Frameworks",
				);
				PRODUCT_BUNDLE_IDENTIFIER = com.foxconn.weibo6;
				PRODUCT_NAME = "$(TARGET_NAME)";
				TARGETED_DEVICE_FAMILY = "1,2";
			};
			name = Debug;
		};
		A21950F82286FDFC0092DF3C /* Release */ = {
			isa = XCBuildConfiguration;
			buildSettings = {
				ASSETCATALOG_COMPILER_APPICON_NAME = AppIcon;
				CODE_SIGN_STYLE = Automatic;
				DEVELOPMENT_TEAM = L42KY7DRTY;
				INFOPLIST_FILE = weibo6/Info.plist;
				LD_RUNPATH_SEARCH_PATHS = (
					"$(inherited)",
					"@executable_path/Frameworks",
				);
				PRODUCT_BUNDLE_IDENTIFIER = com.foxconn.weibo6;
				PRODUCT_NAME = "$(TARGET_NAME)";
				TARGETED_DEVICE_FAMILY = "1,2";
			};
			name = Release;
		};
/* End XCBuildConfiguration section */

/* Begin XCConfigurationList section */
		A21950DB2286FDFB0092DF3C /* Build configuration list for PBXProject "weibo6" */ = {
			isa = XCConfigurationList;
			buildConfigurations = (
				A21950F42286FDFC0092DF3C /* Debug */,
				A21950F52286FDFC0092DF3C /* Release */,
			);
			defaultConfigurationIsVisible = 0;
			defaultConfigurationName = Release;
		};
		A21950F62286FDFC0092DF3C /* Build configuration list for PBXNativeTarget "weibo6" */ = {
			isa = XCConfigurationList;
			buildConfigurations = (
				A21950F72286FDFC0092DF3C /* Debug */,
				A21950F82286FDFC0092DF3C /* Release */,
			);
			defaultConfigurationIsVisible = 0;
			defaultConfigurationName = Release;
		};
/* End XCConfigurationList section */
	};
	rootObject = A21950D82286FDFB0092DF3C /* Project object */;
}
